<?xml version="1.0" encoding="utf-8"?>
<Project ToolsVersion="4.0" xmlns="http://schemas.microsoft.com/developer/msbuild/2003">
  <ItemGroup>
    <Filter Include="Source Files">
      <UniqueIdentifier>{4FC737F1-C7A5-4376-A066-2A32D752A2FF}</UniqueIdentifier>
      <Extensions>cpp;c;cc;cxx;def;odl;idl;hpj;bat;asm;asmx</Extensions>
    </Filter>
    <Filter Include="Header Files">
      <UniqueIdentifier>{93995380-89BD-4b04-88EB-625FBE52EBFB}</UniqueIdentifier>
      <Extensions>h;hh;hpp;hxx;hm;inl;inc;xsd</Extensions>
    </Filter>
    <Filter Include="Resource Files">
      <UniqueIdentifier>{67DA6AB6-F800-4c08-8B7A-83BB121AAD01}</UniqueIdentifier>
      <Extensions>rc;ico;cur;bmp;dlg;rc2;rct;bin;rgs;gif;jpg;jpeg;jpe;resx;tiff;tif;png;wav;mfcribbon-ms</Extensions>
    </Filter>
    <Filter Include="Header Files\Common">
      <UniqueIdentifier>{3036eb64-fee8-46d3-9ff1-f0fabb628795}</UniqueIdentifier>
    </Filter>
    <Filter Include="Header Files\Windowing">
      <UniqueIdentifier>{47b7f11d-2844-46b9-87fc-460ebe451d6b}</UniqueIdentifier>
    </Filter>
    <Filter Include="Header Files\Chat Windows">
      <UniqueIdentifier>{f406db6f-72fc-4955-9fb9-81b6ce4fb67d}</UniqueIdentifier>
    </Filter>
    <Filter Include="Source Files\Windowing">
      <UniqueIdentifier>{852b9e05-317b-4e77-aa5d-61710590367d}</UniqueIdentifier>
    </Filter>
    <Filter Include="Source Files\Chat Windows">
      <UniqueIdentifier>{bee9f72c-df6a-41fc-9893-27ce44d8b873}</UniqueIdentifier>
    </Filter>
    <Filter Include="Source Files\Common">
      <UniqueIdentifier>{e6876886-9803-4144-a378-30c26f10ff93}</UniqueIdentifier>
    </Filter>
    <Filter Include="Header Files\Windowing\Framework">
      <UniqueIdentifier>{3c364812-7c62-4338-bda7-78c66110c88e}</UniqueIdentifier>
    </Filter>
    <Filter Include="Header Files\Windowing\Standard Windows">
      <UniqueIdentifier>{31994625-00ca-44be-b0d5-c86e04b6aae2}</UniqueIdentifier>
    </Filter>
    <Filter Include="Source Files\Windowing\Framework">
      <UniqueIdentifier>{539ca65b-ed0a-459c-9ee3-64b62a7fbd5a}</UniqueIdentifier>
    </Filter>
    <Filter Include="Source Files\Windowing\Standard Windows">
      <UniqueIdentifier>{442a5a0c-1e66-493c-ac5f-7603d687ca68}</UniqueIdentifier>
    </Filter>
  </ItemGroup>
  <ItemGroup>
    <ClCompile Include="ChatPanel.cpp">
      <Filter>Source Files\Chat Windows</Filter>
    </ClCompile>
    <ClCompile Include="ChatMain.cpp">
      <Filter>Source Files</Filter>
    </ClCompile>
    <ClCompile Include="MainWindow.cpp">
      <Filter>Source Files\Chat Windows</Filter>
    </ClCompile>
    <ClCompile Include="Win32.cpp">
      <Filter>Source Files\Common</Filter>
    </ClCompile>
    <ClCompile Include="CustomWindow.cpp">
      <Filter>Source Files\Windowing\Framework</Filter>
    </ClCompile>
    <ClCompile Include="StandardWindow.cpp">
      <Filter>Source Files\Windowing\Framework</Filter>
    </ClCompile>
    <ClCompile Include="Window.cpp">
      <Filter>Source Files\Windowing\Framework</Filter>
    </ClCompile>
    <ClCompile Include="StatusBar.cpp">
      <Filter>Source Files\Windowing\Standard Windows</Filter>
    </ClCompile>
    <ClCompile Include="PanelContainer.cpp">
      <Filter>Source Files\Windowing</Filter>
    </ClCompile>
  </ItemGroup>
  <ItemGroup>
    <ClInclude Include="Types.h">
      <Filter>Header Files\Common</Filter>
    </ClInclude>
    <ClInclude Include="ObjectPtr.h">
      <Filter>Header Files\Common</Filter>
    </ClInclude>
    <ClInclude Include="Object.h">
      <Filter>Header Files\Common</Filter>
    </ClInclude>
    <ClInclude Include="ChatPanel.h">
      <Filter>Header Files\Chat Windows</Filter>
    </ClInclude>
    <ClInclude Include="MainWindow.h">
      <Filter>Header Files\Chat Windows</Filter>
    </ClInclude>
    <ClInclude Include="Win32.h">
      <Filter>Header Files\Common</Filter>
    </ClInclude>
    <ClInclude Include="StandardWindow.h">
      <Filter>Header Files\Windowing\Framework</Filter>
    </ClInclude>
    <ClInclude Include="Window.h">
      <Filter>Header Files\Windowing\Framework</Filter>
    </ClInclude>
    <ClInclude Include="CustomWindow.h">
      <Filter>Header Files\Windowing\Framework</Filter>
    </ClInclude>
    <ClInclude Include="StatusBar.h">
      <Filter>Header Files\Windowing\Standard Windows</Filter>
    </ClInclude>
    <ClInclude Include="resource.h">
      <Filter>Header Files</Filter>
    </ClInclude>
    <ClInclude Include="PanelContainer.h">
      <Filter>Header Files\Windowing</Filter>
    </ClInclude>
  </ItemGroup>
  <ItemGroup>
    <ResourceCompile Include="Chat_w32.rc">
      <Filter>Resource Files</Filter>
    </ResourceCompile>
  </ItemGroup>
  <ItemGroup>
    <Text Include="Layout Engine design.txt" />
  </ItemGroup>
</Project>